
Microsoft Visual Studio Solution File, Format Version 12.00
# Visual Studio 15
VisualStudioVersion = 15.0.26430.13
MinimumVisualStudioVersion = 10.0.40219.1
Project("{FAE04EC0-301F-11D3-BF4B-00C04F79EFBC}") = "_Lab.01.OddLines", "_Lab.01.OddLines\_Lab.01.OddLines.csproj", "{B9D74CB2-FD1E-4379-85C3-0F9E8026283C}"
EndProject
Global
	GlobalSection(SolutionConfigurationPlatforms) = preSolution
		Debug|Any CPU = Debug|Any CPU
		Release|Any CPU = Release|Any CPU
	EndGlobalSection
	GlobalSection(ProjectConfigurationPlatforms) = postSolution
		{B9D74CB2-FD1E-4379-85C3-0F9E8026283C}.Debug|Any CPU.ActiveCfg = Debug|Any CPU
		{B9D74CB2-FD1E-4379-85C3-0F9E8026283C}.Debug|Any CPU.Build.0 = Debug|Any CPU
		{B9D74CB2-FD1E-4379-85C3-0F9E8026283C}.Release|Any CPU.ActiveCfg = Release|Any CPU
		{B9D74CB2-FD1E-4379-85C3-0F9E8026283C}.Release|Any CPU.Build.0 = Release|Any CPU
	EndGlobalSection
	GlobalSection(SolutionProperties) = preSolution
		HideSolutionNode = FALSE
	EndGlobalSection
EndGlobal
