
Microsoft Visual Studio Solution File, Format Version 12.00
# Visual Studio 15
VisualStudioVersion = 15.0.26430.13
MinimumVisualStudioVersion = 10.0.40219.1
Project("{FAE04EC0-301F-11D3-BF4B-00C04F79EFBC}") = "V.01. Hornet Wings", "01. Hornet Wings\V.01. Hornet Wings.csproj", "{D39698A3-C2EF-432C-801F-0D1762B0A434}"
EndProject
Project("{FAE04EC0-301F-11D3-BF4B-00C04F79EFBC}") = "V.02. Hornet Comm", "02. Hornet Comm\V.02. Hornet Comm.csproj", "{9EBF2338-49AE-42B6-A706-8776C7139FDA}"
EndProject
Project("{FAE04EC0-301F-11D3-BF4B-00C04F79EFBC}") = "V.03. Hornet Assault", "03. Hornet Assault\V.03. Hornet Assault.csproj", "{9A2432DA-6414-441F-BA82-E76250EDC30A}"
EndProject
Project("{FAE04EC0-301F-11D3-BF4B-00C04F79EFBC}") = "V.04. Hornet Armada", "04. Hornet Armada\V.04. Hornet Armada.csproj", "{D22BC975-A090-45D6-A39E-A99143D79CCA}"
EndProject
Project("{FAE04EC0-301F-11D3-BF4B-00C04F79EFBC}") = "V.02. Hornet Comm_RegEx", "I.02. Hornet Comm_RegEx\V.02. Hornet Comm_RegEx.csproj", "{3456907A-9368-4CD7-B306-3856B4D8EA1B}"
EndProject
Project("{FAE04EC0-301F-11D3-BF4B-00C04F79EFBC}") = "IV.01. Sweet Dessert", "IV.01. Sweet Dessert_Условие\IV.01. Sweet Dessert.csproj", "{9D072CBD-A183-40F7-95E3-9930D5ADF955}"
EndProject
Project("{FAE04EC0-301F-11D3-BF4B-00C04F79EFBC}") = "IV.02. Array Manipulator", "IV.02. Array Manipulator_Условие\IV.02. Array Manipulator.csproj", "{2F8F32FC-97C1-4CC1-B7E0-904129F82858}"
EndProject
Project("{FAE04EC0-301F-11D3-BF4B-00C04F79EFBC}") = "IV.03. Football League", "IV.03. Football League\IV.03. Football League.csproj", "{896B5091-57C3-476E-8476-4093EB752473}"
EndProject
Project("{FAE04EC0-301F-11D3-BF4B-00C04F79EFBC}") = "IV.04. Cubic Messages", "IV.04. Cubic Messages\IV.04. Cubic Messages.csproj", "{FC531057-AE42-400F-960A-27724FAF8F06}"
EndProject
Project("{FAE04EC0-301F-11D3-BF4B-00C04F79EFBC}") = "II.01. Charity Marathon", "II.01. Charity Marathon\II.01. Charity Marathon.csproj", "{D22A91CB-2F4D-417D-9BC3-02BF50008270}"
EndProject
Project("{FAE04EC0-301F-11D3-BF4B-00C04F79EFBC}") = "II.02. Ladybugs", "II.02. Ladybugs\II.02. Ladybugs.csproj", "{C1843DC7-60BA-4F8C-94A2-3D5BC685C078}"
EndProject
Project("{FAE04EC0-301F-11D3-BF4B-00C04F79EFBC}") = "II.03. Nether Realms", "II.03. Nether Realms\II.03. Nether Realms.csproj", "{C2FD7151-F25A-4268-A970-445D735347AB}"
EndProject
Project("{FAE04EC0-301F-11D3-BF4B-00C04F79EFBC}") = "II.04. Roli The Coder", "II.04. Roli The Coder\II.04. Roli The Coder.csproj", "{7EACB4A2-2D13-45B9-BBF9-68F5AAAFE671}"
EndProject
Project("{FAE04EC0-301F-11D3-BF4B-00C04F79EFBC}") = "I.01. Sino The Walker", "I.01. Sino The Walker\I.01. Sino The Walker.csproj", "{3659DD09-C6E4-4752-A8CF-69D559AB1502}"
EndProject
Project("{FAE04EC0-301F-11D3-BF4B-00C04F79EFBC}") = "I.02. SoftUni Karaoke", "I.02. SoftUni Karaoke\I.02. SoftUni Karaoke.csproj", "{FDA06878-A393-45FC-9F26-E7AD121CFF4F}"
EndProject
Project("{FAE04EC0-301F-11D3-BF4B-00C04F79EFBC}") = "I.03. Endurance Rally", "I.03. Endurance Rally\I.03. Endurance Rally.csproj", "{1FC9686B-4366-432A-81CB-3483C0D0CE16}"
EndProject
Project("{FAE04EC0-301F-11D3-BF4B-00C04F79EFBC}") = "I.04. Winning Ticket_", "I.04. Winning Ticket_\I.04. Winning Ticket_.csproj", "{59E9E2EB-5D93-4F62-A621-31626EB2EEBE}"
EndProject
Project("{FAE04EC0-301F-11D3-BF4B-00C04F79EFBC}") = "III.01. Softuni Coffee Orders", "III.01. Softuni Coffee Orders\III.01. Softuni Coffee Orders.csproj", "{52860896-89D6-4ACE-B4B1-587CDBAF8B4C}"
EndProject
Project("{FAE04EC0-301F-11D3-BF4B-00C04F79EFBC}") = "III.02. Command Interpreter", "III.02. Command Interpreter\III.02. Command Interpreter.csproj", "{00AB2091-41C5-4C38-B631-881EAB4CEC54}"
EndProject
Project("{FAE04EC0-301F-11D3-BF4B-00C04F79EFBC}") = "III.03. Rage Quit", "III.03. Rage Quit\III.03. Rage Quit.csproj", "{C80C21CC-2C73-40CC-B1C7-22F816309A48}"
EndProject
Project("{FAE04EC0-301F-11D3-BF4B-00C04F79EFBC}") = "III.04. Files", "III.04. Files\III.04. Files.csproj", "{3DCC31DA-6E20-4BDC-8D9C-CE22DEF949BE}"
EndProject
Global
	GlobalSection(SolutionConfigurationPlatforms) = preSolution
		Debug|Any CPU = Debug|Any CPU
		Release|Any CPU = Release|Any CPU
	EndGlobalSection
	GlobalSection(ProjectConfigurationPlatforms) = postSolution
		{D39698A3-C2EF-432C-801F-0D1762B0A434}.Debug|Any CPU.ActiveCfg = Debug|Any CPU
		{D39698A3-C2EF-432C-801F-0D1762B0A434}.Debug|Any CPU.Build.0 = Debug|Any CPU
		{D39698A3-C2EF-432C-801F-0D1762B0A434}.Release|Any CPU.ActiveCfg = Release|Any CPU
		{D39698A3-C2EF-432C-801F-0D1762B0A434}.Release|Any CPU.Build.0 = Release|Any CPU
		{9EBF2338-49AE-42B6-A706-8776C7139FDA}.Debug|Any CPU.ActiveCfg = Debug|Any CPU
		{9EBF2338-49AE-42B6-A706-8776C7139FDA}.Debug|Any CPU.Build.0 = Debug|Any CPU
		{9EBF2338-49AE-42B6-A706-8776C7139FDA}.Release|Any CPU.ActiveCfg = Release|Any CPU
		{9EBF2338-49AE-42B6-A706-8776C7139FDA}.Release|Any CPU.Build.0 = Release|Any CPU
		{9A2432DA-6414-441F-BA82-E76250EDC30A}.Debug|Any CPU.ActiveCfg = Debug|Any CPU
		{9A2432DA-6414-441F-BA82-E76250EDC30A}.Debug|Any CPU.Build.0 = Debug|Any CPU
		{9A2432DA-6414-441F-BA82-E76250EDC30A}.Release|Any CPU.ActiveCfg = Release|Any CPU
		{9A2432DA-6414-441F-BA82-E76250EDC30A}.Release|Any CPU.Build.0 = Release|Any CPU
		{D22BC975-A090-45D6-A39E-A99143D79CCA}.Debug|Any CPU.ActiveCfg = Debug|Any CPU
		{D22BC975-A090-45D6-A39E-A99143D79CCA}.Debug|Any CPU.Build.0 = Debug|Any CPU
		{D22BC975-A090-45D6-A39E-A99143D79CCA}.Release|Any CPU.ActiveCfg = Release|Any CPU
		{D22BC975-A090-45D6-A39E-A99143D79CCA}.Release|Any CPU.Build.0 = Release|Any CPU
		{3456907A-9368-4CD7-B306-3856B4D8EA1B}.Debug|Any CPU.ActiveCfg = Debug|Any CPU
		{3456907A-9368-4CD7-B306-3856B4D8EA1B}.Debug|Any CPU.Build.0 = Debug|Any CPU
		{3456907A-9368-4CD7-B306-3856B4D8EA1B}.Release|Any CPU.ActiveCfg = Release|Any CPU
		{3456907A-9368-4CD7-B306-3856B4D8EA1B}.Release|Any CPU.Build.0 = Release|Any CPU
		{9D072CBD-A183-40F7-95E3-9930D5ADF955}.Debug|Any CPU.ActiveCfg = Debug|Any CPU
		{9D072CBD-A183-40F7-95E3-9930D5ADF955}.Debug|Any CPU.Build.0 = Debug|Any CPU
		{9D072CBD-A183-40F7-95E3-9930D5ADF955}.Release|Any CPU.ActiveCfg = Release|Any CPU
		{9D072CBD-A183-40F7-95E3-9930D5ADF955}.Release|Any CPU.Build.0 = Release|Any CPU
		{2F8F32FC-97C1-4CC1-B7E0-904129F82858}.Debug|Any CPU.ActiveCfg = Debug|Any CPU
		{2F8F32FC-97C1-4CC1-B7E0-904129F82858}.Debug|Any CPU.Build.0 = Debug|Any CPU
		{2F8F32FC-97C1-4CC1-B7E0-904129F82858}.Release|Any CPU.ActiveCfg = Release|Any CPU
		{2F8F32FC-97C1-4CC1-B7E0-904129F82858}.Release|Any CPU.Build.0 = Release|Any CPU
		{896B5091-57C3-476E-8476-4093EB752473}.Debug|Any CPU.ActiveCfg = Debug|Any CPU
		{896B5091-57C3-476E-8476-4093EB752473}.Debug|Any CPU.Build.0 = Debug|Any CPU
		{896B5091-57C3-476E-8476-4093EB752473}.Release|Any CPU.ActiveCfg = Release|Any CPU
		{896B5091-57C3-476E-8476-4093EB752473}.Release|Any CPU.Build.0 = Release|Any CPU
		{FC531057-AE42-400F-960A-27724FAF8F06}.Debug|Any CPU.ActiveCfg = Debug|Any CPU
		{FC531057-AE42-400F-960A-27724FAF8F06}.Debug|Any CPU.Build.0 = Debug|Any CPU
		{FC531057-AE42-400F-960A-27724FAF8F06}.Release|Any CPU.ActiveCfg = Release|Any CPU
		{FC531057-AE42-400F-960A-27724FAF8F06}.Release|Any CPU.Build.0 = Release|Any CPU
		{D22A91CB-2F4D-417D-9BC3-02BF50008270}.Debug|Any CPU.ActiveCfg = Debug|Any CPU
		{D22A91CB-2F4D-417D-9BC3-02BF50008270}.Debug|Any CPU.Build.0 = Debug|Any CPU
		{D22A91CB-2F4D-417D-9BC3-02BF50008270}.Release|Any CPU.ActiveCfg = Release|Any CPU
		{D22A91CB-2F4D-417D-9BC3-02BF50008270}.Release|Any CPU.Build.0 = Release|Any CPU
		{C1843DC7-60BA-4F8C-94A2-3D5BC685C078}.Debug|Any CPU.ActiveCfg = Debug|Any CPU
		{C1843DC7-60BA-4F8C-94A2-3D5BC685C078}.Debug|Any CPU.Build.0 = Debug|Any CPU
		{C1843DC7-60BA-4F8C-94A2-3D5BC685C078}.Release|Any CPU.ActiveCfg = Release|Any CPU
		{C1843DC7-60BA-4F8C-94A2-3D5BC685C078}.Release|Any CPU.Build.0 = Release|Any CPU
		{C2FD7151-F25A-4268-A970-445D735347AB}.Debug|Any CPU.ActiveCfg = Debug|Any CPU
		{C2FD7151-F25A-4268-A970-445D735347AB}.Debug|Any CPU.Build.0 = Debug|Any CPU
		{C2FD7151-F25A-4268-A970-445D735347AB}.Release|Any CPU.ActiveCfg = Release|Any CPU
		{C2FD7151-F25A-4268-A970-445D735347AB}.Release|Any CPU.Build.0 = Release|Any CPU
		{7EACB4A2-2D13-45B9-BBF9-68F5AAAFE671}.Debug|Any CPU.ActiveCfg = Debug|Any CPU
		{7EACB4A2-2D13-45B9-BBF9-68F5AAAFE671}.Debug|Any CPU.Build.0 = Debug|Any CPU
		{7EACB4A2-2D13-45B9-BBF9-68F5AAAFE671}.Release|Any CPU.ActiveCfg = Release|Any CPU
		{7EACB4A2-2D13-45B9-BBF9-68F5AAAFE671}.Release|Any CPU.Build.0 = Release|Any CPU
		{3659DD09-C6E4-4752-A8CF-69D559AB1502}.Debug|Any CPU.ActiveCfg = Debug|Any CPU
		{3659DD09-C6E4-4752-A8CF-69D559AB1502}.Debug|Any CPU.Build.0 = Debug|Any CPU
		{3659DD09-C6E4-4752-A8CF-69D559AB1502}.Release|Any CPU.ActiveCfg = Release|Any CPU
		{3659DD09-C6E4-4752-A8CF-69D559AB1502}.Release|Any CPU.Build.0 = Release|Any CPU
		{FDA06878-A393-45FC-9F26-E7AD121CFF4F}.Debug|Any CPU.ActiveCfg = Debug|Any CPU
		{FDA06878-A393-45FC-9F26-E7AD121CFF4F}.Debug|Any CPU.Build.0 = Debug|Any CPU
		{FDA06878-A393-45FC-9F26-E7AD121CFF4F}.Release|Any CPU.ActiveCfg = Release|Any CPU
		{FDA06878-A393-45FC-9F26-E7AD121CFF4F}.Release|Any CPU.Build.0 = Release|Any CPU
		{1FC9686B-4366-432A-81CB-3483C0D0CE16}.Debug|Any CPU.ActiveCfg = Debug|Any CPU
		{1FC9686B-4366-432A-81CB-3483C0D0CE16}.Debug|Any CPU.Build.0 = Debug|Any CPU
		{1FC9686B-4366-432A-81CB-3483C0D0CE16}.Release|Any CPU.ActiveCfg = Release|Any CPU
		{1FC9686B-4366-432A-81CB-3483C0D0CE16}.Release|Any CPU.Build.0 = Release|Any CPU
		{59E9E2EB-5D93-4F62-A621-31626EB2EEBE}.Debug|Any CPU.ActiveCfg = Debug|Any CPU
		{59E9E2EB-5D93-4F62-A621-31626EB2EEBE}.Debug|Any CPU.Build.0 = Debug|Any CPU
		{59E9E2EB-5D93-4F62-A621-31626EB2EEBE}.Release|Any CPU.ActiveCfg = Release|Any CPU
		{59E9E2EB-5D93-4F62-A621-31626EB2EEBE}.Release|Any CPU.Build.0 = Release|Any CPU
		{52860896-89D6-4ACE-B4B1-587CDBAF8B4C}.Debug|Any CPU.ActiveCfg = Debug|Any CPU
		{52860896-89D6-4ACE-B4B1-587CDBAF8B4C}.Debug|Any CPU.Build.0 = Debug|Any CPU
		{52860896-89D6-4ACE-B4B1-587CDBAF8B4C}.Release|Any CPU.ActiveCfg = Release|Any CPU
		{52860896-89D6-4ACE-B4B1-587CDBAF8B4C}.Release|Any CPU.Build.0 = Release|Any CPU
		{00AB2091-41C5-4C38-B631-881EAB4CEC54}.Debug|Any CPU.ActiveCfg = Debug|Any CPU
		{00AB2091-41C5-4C38-B631-881EAB4CEC54}.Debug|Any CPU.Build.0 = Debug|Any CPU
		{00AB2091-41C5-4C38-B631-881EAB4CEC54}.Release|Any CPU.ActiveCfg = Release|Any CPU
		{00AB2091-41C5-4C38-B631-881EAB4CEC54}.Release|Any CPU.Build.0 = Release|Any CPU
		{C80C21CC-2C73-40CC-B1C7-22F816309A48}.Debug|Any CPU.ActiveCfg = Debug|Any CPU
		{C80C21CC-2C73-40CC-B1C7-22F816309A48}.Debug|Any CPU.Build.0 = Debug|Any CPU
		{C80C21CC-2C73-40CC-B1C7-22F816309A48}.Release|Any CPU.ActiveCfg = Release|Any CPU
		{C80C21CC-2C73-40CC-B1C7-22F816309A48}.Release|Any CPU.Build.0 = Release|Any CPU
		{3DCC31DA-6E20-4BDC-8D9C-CE22DEF949BE}.Debug|Any CPU.ActiveCfg = Debug|Any CPU
		{3DCC31DA-6E20-4BDC-8D9C-CE22DEF949BE}.Debug|Any CPU.Build.0 = Debug|Any CPU
		{3DCC31DA-6E20-4BDC-8D9C-CE22DEF949BE}.Release|Any CPU.ActiveCfg = Release|Any CPU
		{3DCC31DA-6E20-4BDC-8D9C-CE22DEF949BE}.Release|Any CPU.Build.0 = Release|Any CPU
	EndGlobalSection
	GlobalSection(SolutionProperties) = preSolution
		HideSolutionNode = FALSE
	EndGlobalSection
EndGlobal
